
Microsoft Visual Studio Solution File, Format Version 12.00
# Visual Studio Version 16
VisualStudioVersion = 16.0.34114.132
MinimumVisualStudioVersion = 10.0.40219.1
Project("{FAE04EC0-301F-11D3-BF4B-00C04F79EFBC}") = "DISampleUI", "DISampleUI\DISampleUI.csproj", "{E9C2E797-5361-4A94-BC6C-8A1759DB08CB}"
EndProject
Project("{FAE04EC0-301F-11D3-BF4B-00C04F79EFBC}") = "DISampleBLL", "DISampleBLL\DISampleBLL.csproj", "{68E14578-223B-4774-99D0-54519ADEBE40}"
EndProject
Project("{FAE04EC0-301F-11D3-BF4B-00C04F79EFBC}") = "DISampleDAL", "DISampleDAL\DISampleDAL.csproj", "{D19E354E-7F54-4A01-8372-C5ABA7C0ABCA}"
EndProject
Project("{FAE04EC0-301F-11D3-BF4B-00C04F79EFBC}") = "DISampleModel", "DISampleModel\DISampleModel.csproj", "{5C24C8F9-68C5-47BD-ADF9-3B846348FA6F}"
EndProject
Project("{FAE04EC0-301F-11D3-BF4B-00C04F79EFBC}") = "DISampleISkirtDAL", "DISampleISkirtDAL\DISampleISkirtDAL.csproj", "{7DB11E7E-B2D6-47DF-A5E3-09E4BD57E3CA}"
EndProject
Project("{FAE04EC0-301F-11D3-BF4B-00C04F79EFBC}") = "DISampleISkirtBLL", "DISampleISkirtBLL\DISampleISkirtBLL.csproj", "{E01A3F13-36C9-4233-93D0-1811B257EE9E}"
EndProject
Global
	GlobalSection(SolutionConfigurationPlatforms) = preSolution
		Debug|Any CPU = Debug|Any CPU
		Release|Any CPU = Release|Any CPU
	EndGlobalSection
	GlobalSection(ProjectConfigurationPlatforms) = postSolution
		{E9C2E797-5361-4A94-BC6C-8A1759DB08CB}.Debug|Any CPU.ActiveCfg = Debug|Any CPU
		{E9C2E797-5361-4A94-BC6C-8A1759DB08CB}.Debug|Any CPU.Build.0 = Debug|Any CPU
		{E9C2E797-5361-4A94-BC6C-8A1759DB08CB}.Release|Any CPU.ActiveCfg = Release|Any CPU
		{E9C2E797-5361-4A94-BC6C-8A1759DB08CB}.Release|Any CPU.Build.0 = Release|Any CPU
		{68E14578-223B-4774-99D0-54519ADEBE40}.Debug|Any CPU.ActiveCfg = Debug|Any CPU
		{68E14578-223B-4774-99D0-54519ADEBE40}.Debug|Any CPU.Build.0 = Debug|Any CPU
		{68E14578-223B-4774-99D0-54519ADEBE40}.Release|Any CPU.ActiveCfg = Release|Any CPU
		{68E14578-223B-4774-99D0-54519ADEBE40}.Release|Any CPU.Build.0 = Release|Any CPU
		{D19E354E-7F54-4A01-8372-C5ABA7C0ABCA}.Debug|Any CPU.ActiveCfg = Debug|Any CPU
		{D19E354E-7F54-4A01-8372-C5ABA7C0ABCA}.Debug|Any CPU.Build.0 = Debug|Any CPU
		{D19E354E-7F54-4A01-8372-C5ABA7C0ABCA}.Release|Any CPU.ActiveCfg = Release|Any CPU
		{D19E354E-7F54-4A01-8372-C5ABA7C0ABCA}.Release|Any CPU.Build.0 = Release|Any CPU
		{5C24C8F9-68C5-47BD-ADF9-3B846348FA6F}.Debug|Any CPU.ActiveCfg = Debug|Any CPU
		{5C24C8F9-68C5-47BD-ADF9-3B846348FA6F}.Debug|Any CPU.Build.0 = Debug|Any CPU
		{5C24C8F9-68C5-47BD-ADF9-3B846348FA6F}.Release|Any CPU.ActiveCfg = Release|Any CPU
		{5C24C8F9-68C5-47BD-ADF9-3B846348FA6F}.Release|Any CPU.Build.0 = Release|Any CPU
		{7DB11E7E-B2D6-47DF-A5E3-09E4BD57E3CA}.Debug|Any CPU.ActiveCfg = Debug|Any CPU
		{7DB11E7E-B2D6-47DF-A5E3-09E4BD57E3CA}.Debug|Any CPU.Build.0 = Debug|Any CPU
		{7DB11E7E-B2D6-47DF-A5E3-09E4BD57E3CA}.Release|Any CPU.ActiveCfg = Release|Any CPU
		{7DB11E7E-B2D6-47DF-A5E3-09E4BD57E3CA}.Release|Any CPU.Build.0 = Release|Any CPU
		{E01A3F13-36C9-4233-93D0-1811B257EE9E}.Debug|Any CPU.ActiveCfg = Debug|Any CPU
		{E01A3F13-36C9-4233-93D0-1811B257EE9E}.Debug|Any CPU.Build.0 = Debug|Any CPU
		{E01A3F13-36C9-4233-93D0-1811B257EE9E}.Release|Any CPU.ActiveCfg = Release|Any CPU
		{E01A3F13-36C9-4233-93D0-1811B257EE9E}.Release|Any CPU.Build.0 = Release|Any CPU
	EndGlobalSection
	GlobalSection(SolutionProperties) = preSolution
		HideSolutionNode = FALSE
	EndGlobalSection
	GlobalSection(ExtensibilityGlobals) = postSolution
		SolutionGuid = {A5D6AB0B-931E-4826-B7A5-23CA8A4E56F0}
	EndGlobalSection
EndGlobal
